
Microsoft Visual Studio Solution File, Format Version 12.00
# Visual Studio Version 16
VisualStudioVersion = 16.0.30804.86
MinimumVisualStudioVersion = 10.0.40219.1
Project("{FAE04EC0-301F-11D3-BF4B-00C04F79EFBC}") = "currencyApp", "currencyApp\currencyApp.csproj", "{B10C73D9-F75B-4850-A93D-7F120896DDE4}"
EndProject
Global
	GlobalSection(SolutionConfigurationPlatforms) = preSolution
		Debug|Any CPU = Debug|Any CPU
		Release|Any CPU = Release|Any CPU
	EndGlobalSection
	GlobalSection(ProjectConfigurationPlatforms) = postSolution
		{B10C73D9-F75B-4850-A93D-7F120896DDE4}.Debug|Any CPU.ActiveCfg = Debug|Any CPU
		{B10C73D9-F75B-4850-A93D-7F120896DDE4}.Debug|Any CPU.Build.0 = Debug|Any CPU
		{B10C73D9-F75B-4850-A93D-7F120896DDE4}.Release|Any CPU.ActiveCfg = Release|Any CPU
		{B10C73D9-F75B-4850-A93D-7F120896DDE4}.Release|Any CPU.Build.0 = Release|Any CPU
	EndGlobalSection
	GlobalSection(SolutionProperties) = preSolution
		HideSolutionNode = FALSE
	EndGlobalSection
	GlobalSection(ExtensibilityGlobals) = postSolution
		SolutionGuid = {B7041429-8721-420A-94A5-4A877DA9B4ED}
	EndGlobalSection
EndGlobal
